// !$*UTF8*$!
{
	archiveVersion = 1;
	classes = {
	};
	objectVersion = 50;
	objects = {

/* Begin PBXBuildFile section */
		1B3DF7D867C767331DFDECD9 /* Pods_week1_flixerTests.framework in Frameworks */ = {isa = PBXBuildFile; fileRef = 4D4DE5567CDEAF9D7BF2B3FA /* Pods_week1_flixerTests.framework */; };
		74158BA83C6A288C502965A8 /* Pods_week1_flixer.framework in Frameworks */ = {isa = PBXBuildFile; fileRef = 01A6CC1B0DEE69B0EE7523E2 /* Pods_week1_flixer.framework */; };
		AA435878218266B700D81035 /* AppDelegate.swift in Sources */ = {isa = PBXBuildFile; fileRef = AA435877218266B700D81035 /* AppDelegate.swift */; };
		AA43587D218266B700D81035 /* Main.storyboard in Resources */ = {isa = PBXBuildFile; fileRef = AA43587B218266B700D81035 /* Main.storyboard */; };
		AA43587F218266B800D81035 /* Assets.xcassets in Resources */ = {isa = PBXBuildFile; fileRef = AA43587E218266B800D81035 /* Assets.xcassets */; };
		AA435882218266B800D81035 /* LaunchScreen.storyboard in Resources */ = {isa = PBXBuildFile; fileRef = AA435880218266B800D81035 /* LaunchScreen.storyboard */; };
		AA43588D218266B900D81035 /* week1_flixerTests.swift in Sources */ = {isa = PBXBuildFile; fileRef = AA43588C218266B900D81035 /* week1_flixerTests.swift */; };
		AA435898218266B900D81035 /* week1_flixerUITests.swift in Sources */ = {isa = PBXBuildFile; fileRef = AA435897218266B900D81035 /* week1_flixerUITests.swift */; };
		AA4358A6218269EC00D81035 /* NowPlayingViewController.swift in Sources */ = {isa = PBXBuildFile; fileRef = AA4358A5218269EC00D81035 /* NowPlayingViewController.swift */; };
		AA4358A821828CE800D81035 /* MovieCell.swift in Sources */ = {isa = PBXBuildFile; fileRef = AA4358A721828CE800D81035 /* MovieCell.swift */; };
		DD1DD63BCDEFA919CE6AAEFE /* Pods_week1_flixerUITests.framework in Frameworks */ = {isa = PBXBuildFile; fileRef = 2F395A4908F566D160A7E082 /* Pods_week1_flixerUITests.framework */; };
/* End PBXBuildFile section */

/* Begin PBXContainerItemProxy section */
		AA435889218266B900D81035 /* PBXContainerItemProxy */ = {
			isa = PBXContainerItemProxy;
			containerPortal = AA43586C218266B700D81035 /* Project object */;
			proxyType = 1;
			remoteGlobalIDString = AA435873218266B700D81035;
			remoteInfo = week1_flixer;
		};
		AA435894218266B900D81035 /* PBXContainerItemProxy */ = {
			isa = PBXContainerItemProxy;
			containerPortal = AA43586C218266B700D81035 /* Project object */;
			proxyType = 1;
			remoteGlobalIDString = AA435873218266B700D81035;
			remoteInfo = week1_flixer;
		};
/* End PBXContainerItemProxy section */

/* Begin PBXFileReference section */
		01A6CC1B0DEE69B0EE7523E2 /* Pods_week1_flixer.framework */ = {isa = PBXFileReference; explicitFileType = wrapper.framework; includeInIndex = 0; path = Pods_week1_flixer.framework; sourceTree = BUILT_PRODUCTS_DIR; };
		10C780ED6F85008A54528630 /* Pods-week1_flixer.release.xcconfig */ = {isa = PBXFileReference; includeInIndex = 1; lastKnownFileType = text.xcconfig; name = "Pods-week1_flixer.release.xcconfig"; path = "Pods/Target Support Files/Pods-week1_flixer/Pods-week1_flixer.release.xcconfig"; sourceTree = "<group>"; };
		2F395A4908F566D160A7E082 /* Pods_week1_flixerUITests.framework */ = {isa = PBXFileReference; explicitFileType = wrapper.framework; includeInIndex = 0; path = Pods_week1_flixerUITests.framework; sourceTree = BUILT_PRODUCTS_DIR; };
		450A2B62BBE22F05F24638FB /* Pods-week1_flixerUITests.debug.xcconfig */ = {isa = PBXFileReference; includeInIndex = 1; lastKnownFileType = text.xcconfig; name = "Pods-week1_flixerUITests.debug.xcconfig"; path = "Pods/Target Support Files/Pods-week1_flixerUITests/Pods-week1_flixerUITests.debug.xcconfig"; sourceTree = "<group>"; };
		4D4DE5567CDEAF9D7BF2B3FA /* Pods_week1_flixerTests.framework */ = {isa = PBXFileReference; explicitFileType = wrapper.framework; includeInIndex = 0; path = Pods_week1_flixerTests.framework; sourceTree = BUILT_PRODUCTS_DIR; };
		915E14BE2D85F67E7CF420F4 /* Pods-week1_flixer.debug.xcconfig */ = {isa = PBXFileReference; includeInIndex = 1; lastKnownFileType = text.xcconfig; name = "Pods-week1_flixer.debug.xcconfig"; path = "Pods/Target Support Files/Pods-week1_flixer/Pods-week1_flixer.debug.xcconfig"; sourceTree = "<group>"; };
		A5388A557896D34D2F24AB1A /* Pods-week1_flixerTests.release.xcconfig */ = {isa = PBXFileReference; includeInIndex = 1; lastKnownFileType = text.xcconfig; name = "Pods-week1_flixerTests.release.xcconfig"; path = "Pods/Target Support Files/Pods-week1_flixerTests/Pods-week1_flixerTests.release.xcconfig"; sourceTree = "<group>"; };
		AA435874218266B700D81035 /* week1_flixer.app */ = {isa = PBXFileReference; explicitFileType = wrapper.application; includeInIndex = 0; path = week1_flixer.app; sourceTree = BUILT_PRODUCTS_DIR; };
		AA435877218266B700D81035 /* AppDelegate.swift */ = {isa = PBXFileReference; lastKnownFileType = sourcecode.swift; path = AppDelegate.swift; sourceTree = "<group>"; };
		AA43587C218266B700D81035 /* Base */ = {isa = PBXFileReference; lastKnownFileType = file.storyboard; name = Base; path = Base.lproj/Main.storyboard; sourceTree = "<group>"; };
		AA43587E218266B800D81035 /* Assets.xcassets */ = {isa = PBXFileReference; lastKnownFileType = folder.assetcatalog; path = Assets.xcassets; sourceTree = "<group>"; };
		AA435881218266B800D81035 /* Base */ = {isa = PBXFileReference; lastKnownFileType = file.storyboard; name = Base; path = Base.lproj/LaunchScreen.storyboard; sourceTree = "<group>"; };
		AA435883218266B800D81035 /* Info.plist */ = {isa = PBXFileReference; lastKnownFileType = text.plist.xml; path = Info.plist; sourceTree = "<group>"; };
		AA435888218266B900D81035 /* week1_flixerTests.xctest */ = {isa = PBXFileReference; explicitFileType = wrapper.cfbundle; includeInIndex = 0; path = week1_flixerTests.xctest; sourceTree = BUILT_PRODUCTS_DIR; };
		AA43588C218266B900D81035 /* week1_flixerTests.swift */ = {isa = PBXFileReference; lastKnownFileType = sourcecode.swift; path = week1_flixerTests.swift; sourceTree = "<group>"; };
		AA43588E218266B900D81035 /* Info.plist */ = {isa = PBXFileReference; lastKnownFileType = text.plist.xml; path = Info.plist; sourceTree = "<group>"; };
		AA435893218266B900D81035 /* week1_flixerUITests.xctest */ = {isa = PBXFileReference; explicitFileType = wrapper.cfbundle; includeInIndex = 0; path = week1_flixerUITests.xctest; sourceTree = BUILT_PRODUCTS_DIR; };
		AA435897218266B900D81035 /* week1_flixerUITests.swift */ = {isa = PBXFileReference; lastKnownFileType = sourcecode.swift; path = week1_flixerUITests.swift; sourceTree = "<group>"; };
		AA435899218266B900D81035 /* Info.plist */ = {isa = PBXFileReference; lastKnownFileType = text.plist.xml; path = Info.plist; sourceTree = "<group>"; };
		AA4358A5218269EC00D81035 /* NowPlayingViewController.swift */ = {isa = PBXFileReference; lastKnownFileType = sourcecode.swift; path = NowPlayingViewController.swift; sourceTree = "<group>"; };
		AA4358A721828CE800D81035 /* MovieCell.swift */ = {isa = PBXFileReference; lastKnownFileType = sourcecode.swift; path = MovieCell.swift; sourceTree = "<group>"; };
		D3F4F1E6C9CFFAD8B31409F8 /* Pods-week1_flixerTests.debug.xcconfig */ = {isa = PBXFileReference; includeInIndex = 1; lastKnownFileType = text.xcconfig; name = "Pods-week1_flixerTests.debug.xcconfig"; path = "Pods/Target Support Files/Pods-week1_flixerTests/Pods-week1_flixerTests.debug.xcconfig"; sourceTree = "<group>"; };
		F2EE1E0A57BD0B3E861F1C88 /* Pods-week1_flixerUITests.release.xcconfig */ = {isa = PBXFileReference; includeInIndex = 1; lastKnownFileType = text.xcconfig; name = "Pods-week1_flixerUITests.release.xcconfig"; path = "Pods/Target Support Files/Pods-week1_flixerUITests/Pods-week1_flixerUITests.release.xcconfig"; sourceTree = "<group>"; };
/* End PBXFileReference section */

/* Begin PBXFrameworksBuildPhase section */
		AA435871218266B700D81035 /* Frameworks */ = {
			isa = PBXFrameworksBuildPhase;
			buildActionMask = 2147483647;
			files = (
				74158BA83C6A288C502965A8 /* Pods_week1_flixer.framework in Frameworks */,
			);
			runOnlyForDeploymentPostprocessing = 0;
		};
		AA435885218266B900D81035 /* Frameworks */ = {
			isa = PBXFrameworksBuildPhase;
			buildActionMask = 2147483647;
			files = (
				1B3DF7D867C767331DFDECD9 /* Pods_week1_flixerTests.framework in Frameworks */,
			);
			runOnlyForDeploymentPostprocessing = 0;
		};
		AA435890218266B900D81035 /* Frameworks */ = {
			isa = PBXFrameworksBuildPhase;
			buildActionMask = 2147483647;
			files = (
				DD1DD63BCDEFA919CE6AAEFE /* Pods_week1_flixerUITests.framework in Frameworks */,
			);
			runOnlyForDeploymentPostprocessing = 0;
		};
/* End PBXFrameworksBuildPhase section */

/* Begin PBXGroup section */
		21F2D1DC8BBA16FA8D6523B2 /* Pods */ = {
			isa = PBXGroup;
			children = (
				915E14BE2D85F67E7CF420F4 /* Pods-week1_flixer.debug.xcconfig */,
				10C780ED6F85008A54528630 /* Pods-week1_flixer.release.xcconfig */,
				D3F4F1E6C9CFFAD8B31409F8 /* Pods-week1_flixerTests.debug.xcconfig */,
				A5388A557896D34D2F24AB1A /* Pods-week1_flixerTests.release.xcconfig */,
				450A2B62BBE22F05F24638FB /* Pods-week1_flixerUITests.debug.xcconfig */,
				F2EE1E0A57BD0B3E861F1C88 /* Pods-week1_flixerUITests.release.xcconfig */,
			);
			name = Pods;
			sourceTree = "<group>";
		};
		6B5B3F7696AA473FC7C6887D /* Frameworks */ = {
			isa = PBXGroup;
			children = (
				01A6CC1B0DEE69B0EE7523E2 /* Pods_week1_flixer.framework */,
				4D4DE5567CDEAF9D7BF2B3FA /* Pods_week1_flixerTests.framework */,
				2F395A4908F566D160A7E082 /* Pods_week1_flixerUITests.framework */,
			);
			name = Frameworks;
			sourceTree = "<group>";
		};
		AA43586B218266B700D81035 = {
			isa = PBXGroup;
			children = (
				AA435876218266B700D81035 /* week1_flixer */,
				AA43588B218266B900D81035 /* week1_flixerTests */,
				AA435896218266B900D81035 /* week1_flixerUITests */,
				AA435875218266B700D81035 /* Products */,
				21F2D1DC8BBA16FA8D6523B2 /* Pods */,
				6B5B3F7696AA473FC7C6887D /* Frameworks */,
			);
			sourceTree = "<group>";
		};
		AA435875218266B700D81035 /* Products */ = {
			isa = PBXGroup;
			children = (
				AA435874218266B700D81035 /* week1_flixer.app */,
				AA435888218266B900D81035 /* week1_flixerTests.xctest */,
				AA435893218266B900D81035 /* week1_flixerUITests.xctest */,
			);
			name = Products;
			sourceTree = "<group>";
		};
		AA435876218266B700D81035 /* week1_flixer */ = {
			isa = PBXGroup;
			children = (
				AA4358A5218269EC00D81035 /* NowPlayingViewController.swift */,
				AA435877218266B700D81035 /* AppDelegate.swift */,
				AA43587B218266B700D81035 /* Main.storyboard */,
				AA43587E218266B800D81035 /* Assets.xcassets */,
				AA435880218266B800D81035 /* LaunchScreen.storyboard */,
				AA435883218266B800D81035 /* Info.plist */,
				AA4358A721828CE800D81035 /* MovieCell.swift */,
			);
			path = week1_flixer;
			sourceTree = "<group>";
		};
		AA43588B218266B900D81035 /* week1_flixerTests */ = {
			isa = PBXGroup;
			children = (
				AA43588C218266B900D81035 /* week1_flixerTests.swift */,
				AA43588E218266B900D81035 /* Info.plist */,
			);
			path = week1_flixerTests;
			sourceTree = "<group>";
		};
		AA435896218266B900D81035 /* week1_flixerUITests */ = {
			isa = PBXGroup;
			children = (
				AA435897218266B900D81035 /* week1_flixerUITests.swift */,
				AA435899218266B900D81035 /* Info.plist */,
			);
			path = week1_flixerUITests;
			sourceTree = "<group>";
		};
/* End PBXGroup section */

/* Begin PBXNativeTarget section */
		AA435873218266B700D81035 /* week1_flixer */ = {
			isa = PBXNativeTarget;
			buildConfigurationList = AA43589C218266B900D81035 /* Build configuration list for PBXNativeTarget "week1_flixer" */;
			buildPhases = (
				3FEB8B916E008F98C6FA3151 /* [CP] Check Pods Manifest.lock */,
				AA435870218266B700D81035 /* Sources */,
				AA435871218266B700D81035 /* Frameworks */,
				AA435872218266B700D81035 /* Resources */,
				07FA3AED9CB12158C42D9A94 /* [CP] Embed Pods Frameworks */,
			);
			buildRules = (
			);
			dependencies = (
			);
			name = week1_flixer;
			productName = week1_flixer;
			productReference = AA435874218266B700D81035 /* week1_flixer.app */;
			productType = "com.apple.product-type.application";
		};
		AA435887218266B900D81035 /* week1_flixerTests */ = {
			isa = PBXNativeTarget;
			buildConfigurationList = AA43589F218266B900D81035 /* Build configuration list for PBXNativeTarget "week1_flixerTests" */;
			buildPhases = (
				4995C19053D2E45E43F70E55 /* [CP] Check Pods Manifest.lock */,
				AA435884218266B900D81035 /* Sources */,
				AA435885218266B900D81035 /* Frameworks */,
				AA435886218266B900D81035 /* Resources */,
			);
			buildRules = (
			);
			dependencies = (
				AA43588A218266B900D81035 /* PBXTargetDependency */,
			);
			name = week1_flixerTests;
			productName = week1_flixerTests;
			productReference = AA435888218266B900D81035 /* week1_flixerTests.xctest */;
			productType = "com.apple.product-type.bundle.unit-test";
		};
		AA435892218266B900D81035 /* week1_flixerUITests */ = {
			isa = PBXNativeTarget;
			buildConfigurationList = AA4358A2218266B900D81035 /* Build configuration list for PBXNativeTarget "week1_flixerUITests" */;
			buildPhases = (
				9A67256B8DB5A11A6549F29F /* [CP] Check Pods Manifest.lock */,
				AA43588F218266B900D81035 /* Sources */,
				AA435890218266B900D81035 /* Frameworks */,
				AA435891218266B900D81035 /* Resources */,
			);
			buildRules = (
			);
			dependencies = (
				AA435895218266B900D81035 /* PBXTargetDependency */,
			);
			name = week1_flixerUITests;
			productName = week1_flixerUITests;
			productReference = AA435893218266B900D81035 /* week1_flixerUITests.xctest */;
			productType = "com.apple.product-type.bundle.ui-testing";
		};
/* End PBXNativeTarget section */

/* Begin PBXProject section */
		AA43586C218266B700D81035 /* Project object */ = {
			isa = PBXProject;
			attributes = {
				LastSwiftUpdateCheck = 1000;
				LastUpgradeCheck = 1000;
				ORGANIZATIONNAME = "kyaw tun";
				TargetAttributes = {
					AA435873218266B700D81035 = {
						CreatedOnToolsVersion = 10.0;
					};
					AA435887218266B900D81035 = {
						CreatedOnToolsVersion = 10.0;
						TestTargetID = AA435873218266B700D81035;
					};
					AA435892218266B900D81035 = {
						CreatedOnToolsVersion = 10.0;
						TestTargetID = AA435873218266B700D81035;
					};
				};
			};
			buildConfigurationList = AA43586F218266B700D81035 /* Build configuration list for PBXProject "week1_flixer" */;
			compatibilityVersion = "Xcode 9.3";
			developmentRegion = en;
			hasScannedForEncodings = 0;
			knownRegions = (
				en,
				Base,
			);
			mainGroup = AA43586B218266B700D81035;
			productRefGroup = AA435875218266B700D81035 /* Products */;
			projectDirPath = "";
			projectRoot = "";
			targets = (
				AA435873218266B700D81035 /* week1_flixer */,
				AA435887218266B900D81035 /* week1_flixerTests */,
				AA435892218266B900D81035 /* week1_flixerUITests */,
			);
		};
/* End PBXProject section */

/* Begin PBXResourcesBuildPhase section */
		AA435872218266B700D81035 /* Resources */ = {
			isa = PBXResourcesBuildPhase;
			buildActionMask = 2147483647;
			files = (
				AA435882218266B800D81035 /* LaunchScreen.storyboard in Resources */,
				AA43587F218266B800D81035 /* Assets.xcassets in Resources */,
				AA43587D218266B700D81035 /* Main.storyboard in Resources */,
			);
			runOnlyForDeploymentPostprocessing = 0;
		};
		AA435886218266B900D81035 /* Resources */ = {
			isa = PBXResourcesBuildPhase;
			buildActionMask = 2147483647;
			files = (
			);
			runOnlyForDeploymentPostprocessing = 0;
		};
		AA435891218266B900D81035 /* Resources */ = {
			isa = PBXResourcesBuildPhase;
			buildActionMask = 2147483647;
			files = (
			);
			runOnlyForDeploymentPostprocessing = 0;
		};
/* End PBXResourcesBuildPhase section */

/* Begin PBXShellScriptBuildPhase section */
		07FA3AED9CB12158C42D9A94 /* [CP] Embed Pods Frameworks */ = {
			isa = PBXShellScriptBuildPhase;
			buildActionMask = 2147483647;
			files = (
			);
			inputFileListPaths = (
			);
			inputPaths = (
				"${SRCROOT}/Pods/Target Support Files/Pods-week1_flixer/Pods-week1_flixer-frameworks.sh",
				"${BUILT_PRODUCTS_DIR}/Alamofire/Alamofire.framework",
			);
			name = "[CP] Embed Pods Frameworks";
			outputFileListPaths = (
			);
			outputPaths = (
				"${TARGET_BUILD_DIR}/${FRAMEWORKS_FOLDER_PATH}/Alamofire.framework",
			);
			runOnlyForDeploymentPostprocessing = 0;
			shellPath = /bin/sh;
			shellScript = "\"${SRCROOT}/Pods/Target Support Files/Pods-week1_flixer/Pods-week1_flixer-frameworks.sh\"\n";
			showEnvVarsInLog = 0;
		};
		3FEB8B916E008F98C6FA3151 /* [CP] Check Pods Manifest.lock */ = {
			isa = PBXShellScriptBuildPhase;
			buildActionMask = 2147483647;
			files = (
			);
			inputFileListPaths = (
			);
			inputPaths = (
				"${PODS_PODFILE_DIR_PATH}/Podfile.lock",
				"${PODS_ROOT}/Manifest.lock",
			);
			name = "[CP] Check Pods Manifest.lock";
			outputFileListPaths = (
			);
			outputPaths = (
				"$(DERIVED_FILE_DIR)/Pods-week1_flixer-checkManifestLockResult.txt",
			);
			runOnlyForDeploymentPostprocessing = 0;
			shellPath = /bin/sh;
			shellScript = "diff \"${PODS_PODFILE_DIR_PATH}/Podfile.lock\" \"${PODS_ROOT}/Manifest.lock\" > /dev/null\nif [ $? != 0 ] ; then\n    # print error to STDERR\n    echo \"error: The sandbox is not in sync with the Podfile.lock. Run 'pod install' or update your CocoaPods installation.\" >&2\n    exit 1\nfi\n# This output is used by Xcode 'outputs' to avoid re-running this script phase.\necho \"SUCCESS\" > \"${SCRIPT_OUTPUT_FILE_0}\"\n";
			showEnvVarsInLog = 0;
		};
		4995C19053D2E45E43F70E55 /* [CP] Check Pods Manifest.lock */ = {
			isa = PBXShellScriptBuildPhase;
			buildActionMask = 2147483647;
			files = (
			);
			inputFileListPaths = (
			);
			inputPaths = (
				"${PODS_PODFILE_DIR_PATH}/Podfile.lock",
				"${PODS_ROOT}/Manifest.lock",
			);
			name = "[CP] Check Pods Manifest.lock";
			outputFileListPaths = (
			);
			outputPaths = (
				"$(DERIVED_FILE_DIR)/Pods-week1_flixerTests-checkManifestLockResult.txt",
			);
			runOnlyForDeploymentPostprocessing = 0;
			shellPath = /bin/sh;
			shellScript = "diff \"${PODS_PODFILE_DIR_PATH}/Podfile.lock\" \"${PODS_ROOT}/Manifest.lock\" > /dev/null\nif [ $? != 0 ] ; then\n    # print error to STDERR\n    echo \"error: The sandbox is not in sync with the Podfile.lock. Run 'pod install' or update your CocoaPods installation.\" >&2\n    exit 1\nfi\n# This output is used by Xcode 'outputs' to avoid re-running this script phase.\necho \"SUCCESS\" > \"${SCRIPT_OUTPUT_FILE_0}\"\n";
			showEnvVarsInLog = 0;
		};
		9A67256B8DB5A11A6549F29F /* [CP] Check Pods Manifest.lock */ = {
			isa = PBXShellScriptBuildPhase;
			buildActionMask = 2147483647;
			files = (
			);
			inputFileListPaths = (
			);
			inputPaths = (
				"${PODS_PODFILE_DIR_PATH}/Podfile.lock",
				"${PODS_ROOT}/Manifest.lock",
			);
			name = "[CP] Check Pods Manifest.lock";
			outputFileListPaths = (
			);
			outputPaths = (
				"$(DERIVED_FILE_DIR)/Pods-week1_flixerUITests-checkManifestLockResult.txt",
			);
			runOnlyForDeploymentPostprocessing = 0;
			shellPath = /bin/sh;
			shellScript = "diff \"${PODS_PODFILE_DIR_PATH}/Podfile.lock\" \"${PODS_ROOT}/Manifest.lock\" > /dev/null\nif [ $? != 0 ] ; then\n    # print error to STDERR\n    echo \"error: The sandbox is not in sync with the Podfile.lock. Run 'pod install' or update your CocoaPods installation.\" >&2\n    exit 1\nfi\n# This output is used by Xcode 'outputs' to avoid re-running this script phase.\necho \"SUCCESS\" > \"${SCRIPT_OUTPUT_FILE_0}\"\n";
			showEnvVarsInLog = 0;
		};
/* End PBXShellScriptBuildPhase section */

/* Begin PBXSourcesBuildPhase section */
		AA435870218266B700D81035 /* Sources */ = {
			isa = PBXSourcesBuildPhase;
			buildActionMask = 2147483647;
			files = (
				AA4358A6218269EC00D81035 /* NowPlayingViewController.swift in Sources */,
				AA435878218266B700D81035 /* AppDelegate.swift in Sources */,
				AA4358A821828CE800D81035 /* MovieCell.swift in Sources */,
			);
			runOnlyForDeploymentPostprocessing = 0;
		};
		AA435884218266B900D81035 /* Sources */ = {
			isa = PBXSourcesBuildPhase;
			buildActionMask = 2147483647;
			files = (
				AA43588D218266B900D81035 /* week1_flixerTests.swift in Sources */,
			);
			runOnlyForDeploymentPostprocessing = 0;
		};
		AA43588F218266B900D81035 /* Sources */ = {
			isa = PBXSourcesBuildPhase;
			buildActionMask = 2147483647;
			files = (
				AA435898218266B900D81035 /* week1_flixerUITests.swift in Sources */,
			);
			runOnlyForDeploymentPostprocessing = 0;
		};
/* End PBXSourcesBuildPhase section */

/* Begin PBXTargetDependency section */
		AA43588A218266B900D81035 /* PBXTargetDependency */ = {
			isa = PBXTargetDependency;
			target = AA435873218266B700D81035 /* week1_flixer */;
			targetProxy = AA435889218266B900D81035 /* PBXContainerItemProxy */;
		};
		AA435895218266B900D81035 /* PBXTargetDependency */ = {
			isa = PBXTargetDependency;
			target = AA435873218266B700D81035 /* week1_flixer */;
			targetProxy = AA435894218266B900D81035 /* PBXContainerItemProxy */;
		};
/* End PBXTargetDependency section */

/* Begin PBXVariantGroup section */
		AA43587B218266B700D81035 /* Main.storyboard */ = {
			isa = PBXVariantGroup;
			children = (
				AA43587C218266B700D81035 /* Base */,
			);
			name = Main.storyboard;
			sourceTree = "<group>";
		};
		AA435880218266B800D81035 /* LaunchScreen.storyboard */ = {
			isa = PBXVariantGroup;
			children = (
				AA435881218266B800D81035 /* Base */,
			);
			name = LaunchScreen.storyboard;
			sourceTree = "<group>";
		};
/* End PBXVariantGroup section */

/* Begin XCBuildConfiguration section */
		AA43589A218266B900D81035 /* Debug */ = {
			isa = XCBuildConfiguration;
			buildSettings = {
				ALWAYS_SEARCH_USER_PATHS = NO;
				CLANG_ANALYZER_NONNULL = YES;
				CLANG_ANALYZER_NUMBER_OBJECT_CONVERSION = YES_AGGRESSIVE;
				CLANG_CXX_LANGUAGE_STANDARD = "gnu++14";
				CLANG_CXX_LIBRARY = "libc++";
				CLANG_ENABLE_MODULES = YES;
				CLANG_ENABLE_OBJC_ARC = YES;
				CLANG_ENABLE_OBJC_WEAK = YES;
				CLANG_WARN_BLOCK_CAPTURE_AUTORELEASING = YES;
				CLANG_WARN_BOOL_CONVERSION = YES;
				CLANG_WARN_COMMA = YES;
				CLANG_WARN_CONSTANT_CONVERSION = YES;
				CLANG_WARN_DEPRECATED_OBJC_IMPLEMENTATIONS = YES;
				CLANG_WARN_DIRECT_OBJC_ISA_USAGE = YES_ERROR;
				CLANG_WARN_DOCUMENTATION_COMMENTS = YES;
				CLANG_WARN_EMPTY_BODY = YES;
				CLANG_WARN_ENUM_CONVERSION = YES;
				CLANG_WARN_INFINITE_RECURSION = YES;
				CLANG_WARN_INT_CONVERSION = YES;
				CLANG_WARN_NON_LITERAL_NULL_CONVERSION = YES;
				CLANG_WARN_OBJC_IMPLICIT_RETAIN_SELF = YES;
				CLANG_WARN_OBJC_LITERAL_CONVERSION = YES;
				CLANG_WARN_OBJC_ROOT_CLASS = YES_ERROR;
				CLANG_WARN_RANGE_LOOP_ANALYSIS = YES;
				CLANG_WARN_STRICT_PROTOTYPES = YES;
				CLANG_WARN_SUSPICIOUS_MOVE = YES;
				CLANG_WARN_UNGUARDED_AVAILABILITY = YES_AGGRESSIVE;
				CLANG_WARN_UNREACHABLE_CODE = YES;
				CLANG_WARN__DUPLICATE_METHOD_MATCH = YES;
				CODE_SIGN_IDENTITY = "iPhone Developer";
				COPY_PHASE_STRIP = NO;
				DEBUG_INFORMATION_FORMAT = dwarf;
				ENABLE_STRICT_OBJC_MSGSEND = YES;
				ENABLE_TESTABILITY = YES;
				GCC_C_LANGUAGE_STANDARD = gnu11;
				GCC_DYNAMIC_NO_PIC = NO;
				GCC_NO_COMMON_BLOCKS = YES;
				GCC_OPTIMIZATION_LEVEL = 0;
				GCC_PREPROCESSOR_DEFINITIONS = (
					"DEBUG=1",
					"$(inherited)",
				);
				GCC_WARN_64_TO_32_BIT_CONVERSION = YES;
				GCC_WARN_ABOUT_RETURN_TYPE = YES_ERROR;
				GCC_WARN_UNDECLARED_SELECTOR = YES;
				GCC_WARN_UNINITIALIZED_AUTOS = YES_AGGRESSIVE;
				GCC_WARN_UNUSED_FUNCTION = YES;
				GCC_WARN_UNUSED_VARIABLE = YES;
				IPHONEOS_DEPLOYMENT_TARGET = 12.0;
				MTL_ENABLE_DEBUG_INFO = INCLUDE_SOURCE;
				MTL_FAST_MATH = YES;
				ONLY_ACTIVE_ARCH = YES;
				SDKROOT = iphoneos;
				SWIFT_ACTIVE_COMPILATION_CONDITIONS = DEBUG;
				SWIFT_OPTIMIZATION_LEVEL = "-Onone";
			};
			name = Debug;
		};
		AA43589B218266B900D81035 /* Release */ = {
			isa = XCBuildConfiguration;
			buildSettings = {
				ALWAYS_SEARCH_USER_PATHS = NO;
				CLANG_ANALYZER_NONNULL = YES;
				CLANG_ANALYZER_NUMBER_OBJECT_CONVERSION = YES_AGGRESSIVE;
				CLANG_CXX_LANGUAGE_STANDARD = "gnu++14";
				CLANG_CXX_LIBRARY = "libc++";
				CLANG_ENABLE_MODULES = YES;
				CLANG_ENABLE_OBJC_ARC = YES;
				CLANG_ENABLE_OBJC_WEAK = YES;
				CLANG_WARN_BLOCK_CAPTURE_AUTORELEASING = YES;
				CLANG_WARN_BOOL_CONVERSION = YES;
				CLANG_WARN_COMMA = YES;
				CLANG_WARN_CONSTANT_CONVERSION = YES;
				CLANG_WARN_DEPRECATED_OBJC_IMPLEMENTATIONS = YES;
				CLANG_WARN_DIRECT_OBJC_ISA_USAGE = YES_ERROR;
				CLANG_WARN_DOCUMENTATION_COMMENTS = YES;
				CLANG_WARN_EMPTY_BODY = YES;
				CLANG_WARN_ENUM_CONVERSION = YES;
				CLANG_WARN_INFINITE_RECURSION = YES;
				CLANG_WARN_INT_CONVERSION = YES;
				CLANG_WARN_NON_LITERAL_NULL_CONVERSION = YES;
				CLANG_WARN_OBJC_IMPLICIT_RETAIN_SELF = YES;
				CLANG_WARN_OBJC_LITERAL_CONVERSION = YES;
				CLANG_WARN_OBJC_ROOT_CLASS = YES_ERROR;
				CLANG_WARN_RANGE_LOOP_ANALYSIS = YES;
				CLANG_WARN_STRICT_PROTOTYPES = YES;
				CLANG_WARN_SUSPICIOUS_MOVE = YES;
				CLANG_WARN_UNGUARDED_AVAILABILITY = YES_AGGRESSIVE;
				CLANG_WARN_UNREACHABLE_CODE = YES;
				CLANG_WARN__DUPLICATE_METHOD_MATCH = YES;
				CODE_SIGN_IDENTITY = "iPhone Developer";
				COPY_PHASE_STRIP = NO;
				DEBUG_INFORMATION_FORMAT = "dwarf-with-dsym";
				ENABLE_NS_ASSERTIONS = NO;
				ENABLE_STRICT_OBJC_MSGSEND = YES;
				GCC_C_LANGUAGE_STANDARD = gnu11;
				GCC_NO_COMMON_BLOCKS = YES;
				GCC_WARN_64_TO_32_BIT_CONVERSION = YES;
				GCC_WARN_ABOUT_RETURN_TYPE = YES_ERROR;
				GCC_WARN_UNDECLARED_SELECTOR = YES;
				GCC_WARN_UNINITIALIZED_AUTOS = YES_AGGRESSIVE;
				GCC_WARN_UNUSED_FUNCTION = YES;
				GCC_WARN_UNUSED_VARIABLE = YES;
				IPHONEOS_DEPLOYMENT_TARGET = 12.0;
				MTL_ENABLE_DEBUG_INFO = NO;
				MTL_FAST_MATH = YES;
				SDKROOT = iphoneos;
				SWIFT_COMPILATION_MODE = wholemodule;
				SWIFT_OPTIMIZATION_LEVEL = "-O";
				VALIDATE_PRODUCT = YES;
			};
			name = Release;
		};
		AA43589D218266B900D81035 /* Debug */ = {
			isa = XCBuildConfiguration;
			baseConfigurationReference = 915E14BE2D85F67E7CF420F4 /* Pods-week1_flixer.debug.xcconfig */;
			buildSettings = {
				ASSETCATALOG_COMPILER_APPICON_NAME = AppIcon;
				CODE_SIGN_STYLE = Automatic;
				INFOPLIST_FILE = week1_flixer/Info.plist;
				LD_RUNPATH_SEARCH_PATHS = (
					"$(inherited)",
					"@executable_path/Frameworks",
				);
				PRODUCT_BUNDLE_IDENTIFIER = "SFSU.week1-flixer";
				PRODUCT_NAME = "$(TARGET_NAME)";
				SWIFT_VERSION = 4.2;
				TARGETED_DEVICE_FAMILY = "1,2";
			};
			name = Debug;
		};
		AA43589E218266B900D81035 /* Release */ = {
			isa = XCBuildConfiguration;
			baseConfigurationReference = 10C780ED6F85008A54528630 /* Pods-week1_flixer.release.xcconfig */;
			buildSettings = {
				ASSETCATALOG_COMPILER_APPICON_NAME = AppIcon;
				CODE_SIGN_STYLE = Automatic;
				INFOPLIST_FILE = week1_flixer/Info.plist;
				LD_RUNPATH_SEARCH_PATHS = (
					"$(inherited)",
					"@executable_path/Frameworks",
				);
				PRODUCT_BUNDLE_IDENTIFIER = "SFSU.week1-flixer";
				PRODUCT_NAME = "$(TARGET_NAME)";
				SWIFT_VERSION = 4.2;
				TARGETED_DEVICE_FAMILY = "1,2";
			};
			name = Release;
		};
		AA4358A0218266B900D81035 /* Debug */ = {
			isa = XCBuildConfiguration;
			baseConfigurationReference = D3F4F1E6C9CFFAD8B31409F8 /* Pods-week1_flixerTests.debug.xcconfig */;
			buildSettings = {
				ALWAYS_EMBED_SWIFT_STANDARD_LIBRARIES = YES;
				BUNDLE_LOADER = "$(TEST_HOST)";
				CODE_SIGN_STYLE = Automatic;
				INFOPLIST_FILE = week1_flixerTests/Info.plist;
				LD_RUNPATH_SEARCH_PATHS = (
					"$(inherited)",
					"@executable_path/Frameworks",
					"@loader_path/Frameworks",
				);
				PRODUCT_BUNDLE_IDENTIFIER = "SFSU.week1-flixerTests";
				PRODUCT_NAME = "$(TARGET_NAME)";
				SWIFT_VERSION = 4.2;
				TARGETED_DEVICE_FAMILY = "1,2";
				TEST_HOST = "$(BUILT_PRODUCTS_DIR)/week1_flixer.app/week1_flixer";
			};
			name = Debug;
		};
		AA4358A1218266B900D81035 /* Release */ = {
			isa = XCBuildConfiguration;
			baseConfigurationReference = A5388A557896D34D2F24AB1A /* Pods-week1_flixerTests.release.xcconfig */;
			buildSettings = {
				ALWAYS_EMBED_SWIFT_STANDARD_LIBRARIES = YES;
				BUNDLE_LOADER = "$(TEST_HOST)";
				CODE_SIGN_STYLE = Automatic;
				INFOPLIST_FILE = week1_flixerTests/Info.plist;
				LD_RUNPATH_SEARCH_PATHS = (
					"$(inherited)",
					"@executable_path/Frameworks",
					"@loader_path/Frameworks",
				);
				PRODUCT_BUNDLE_IDENTIFIER = "SFSU.week1-flixerTests";
				PRODUCT_NAME = "$(TARGET_NAME)";
				SWIFT_VERSION = 4.2;
				TARGETED_DEVICE_FAMILY = "1,2";
				TEST_HOST = "$(BUILT_PRODUCTS_DIR)/week1_flixer.app/week1_flixer";
			};
			name = Release;
		};
		AA4358A3218266B900D81035 /* Debug */ = {
			isa = XCBuildConfiguration;
			baseConfigurationReference = 450A2B62BBE22F05F24638FB /* Pods-week1_flixerUITests.debug.xcconfig */;
			buildSettings = {
				ALWAYS_EMBED_SWIFT_STANDARD_LIBRARIES = YES;
				CODE_SIGN_STYLE = Automatic;
				INFOPLIST_FILE = week1_flixerUITests/Info.plist;
				LD_RUNPATH_SEARCH_PATHS = (
					"$(inherited)",
					"@executable_path/Frameworks",
					"@loader_path/Frameworks",
				);
				PRODUCT_BUNDLE_IDENTIFIER = "SFSU.week1-flixerUITests";
				PRODUCT_NAME = "$(TARGET_NAME)";
				SWIFT_VERSION = 4.2;
				TARGETED_DEVICE_FAMILY = "1,2";
				TEST_TARGET_NAME = week1_flixer;
			};
			name = Debug;
		};
		AA4358A4218266B900D81035 /* Release */ = {
			isa = XCBuildConfiguration;
			baseConfigurationReference = F2EE1E0A57BD0B3E861F1C88 /* Pods-week1_flixerUITests.release.xcconfig */;
			buildSettings = {
				ALWAYS_EMBED_SWIFT_STANDARD_LIBRARIES = YES;
				CODE_SIGN_STYLE = Automatic;
				INFOPLIST_FILE = week1_flixerUITests/Info.plist;
				LD_RUNPATH_SEARCH_PATHS = (
					"$(inherited)",
					"@executable_path/Frameworks",
					"@loader_path/Frameworks",
				);
				PRODUCT_BUNDLE_IDENTIFIER = "SFSU.week1-flixerUITests";
				PRODUCT_NAME = "$(TARGET_NAME)";
				SWIFT_VERSION = 4.2;
				TARGETED_DEVICE_FAMILY = "1,2";
				TEST_TARGET_NAME = week1_flixer;
			};
			name = Release;
		};
/* End XCBuildConfiguration section */

/* Begin XCConfigurationList section */
		AA43586F218266B700D81035 /* Build configuration list for PBXProject "week1_flixer" */ = {
			isa = XCConfigurationList;
			buildConfigurations = (
				AA43589A218266B900D81035 /* Debug */,
				AA43589B218266B900D81035 /* Release */,
			);
			defaultConfigurationIsVisible = 0;
			defaultConfigurationName = Release;
		};
		AA43589C218266B900D81035 /* Build configuration list for PBXNativeTarget "week1_flixer" */ = {
			isa = XCConfigurationList;
			buildConfigurations = (
				AA43589D218266B900D81035 /* Debug */,
				AA43589E218266B900D81035 /* Release */,
			);
			defaultConfigurationIsVisible = 0;
			defaultConfigurationName = Release;
		};
		AA43589F218266B900D81035 /* Build configuration list for PBXNativeTarget "week1_flixerTests" */ = {
			isa = XCConfigurationList;
			buildConfigurations = (
				AA4358A0218266B900D81035 /* Debug */,
				AA4358A1218266B900D81035 /* Release */,
			);
			defaultConfigurationIsVisible = 0;
			defaultConfigurationName = Release;
		};
		AA4358A2218266B900D81035 /* Build configuration list for PBXNativeTarget "week1_flixerUITests" */ = {
			isa = XCConfigurationList;
			buildConfigurations = (
				AA4358A3218266B900D81035 /* Debug */,
				AA4358A4218266B900D81035 /* Release */,
			);
			defaultConfigurationIsVisible = 0;
			defaultConfigurationName = Release;
		};
/* End XCConfigurationList section */
	};
	rootObject = AA43586C218266B700D81035 /* Project object */;
}
